{
  "projects": [
    {
      "projectId": "8sqboUZ4NdiwTEB5KeNSKm",
      "version": "latest",
      "dependencies": {
        "caTPwKxj5ZrD9LQ7DMdK4Z": "3.33.0"
      },
      "lang": "ts",
      "fileLocks": [
        {
          "type": "globalVariant",
          "assetId": "T5xXLTJfKZLl",
          "checksum": "a249758fa13b037df919f2e92fc68050"
        },
        {
          "type": "renderModule",
          "assetId": "uiobudG9bYmv",
          "checksum": "0a5d5773b36706a5b4506222678ea68d"
        },
        {
          "type": "cssRules",
          "assetId": "uiobudG9bYmv",
          "checksum": "0a5d5773b36706a5b4506222678ea68d"
        },
        {
          "type": "renderModule",
          "assetId": "0Pcep1A6T4N4",
          "checksum": "102e58f14b9852301775c9cff06069ca"
        },
        {
          "type": "cssRules",
          "assetId": "0Pcep1A6T4N4",
          "checksum": "102e58f14b9852301775c9cff06069ca"
        },
        {
          "type": "image",
          "assetId": "YfEot1eeS0Ws",
          "checksum": "7e34c87c62af2db448aedfe9399722cb"
        },
        {
          "assetId": "8sqboUZ4NdiwTEB5KeNSKm",
          "type": "projectCss",
          "checksum": "70fffad1e9bd8dc2f806e2b81c647860"
        },
        {
          "type": "image",
          "assetId": "Q9HDcFBr0sAR",
          "checksum": "70098f2562aefa7e595f6b65f6b30832"
        },
        {
          "type": "image",
          "assetId": "B8W_Y0zTZIZR",
          "checksum": "8f80440b093f45146494dbe2e1b44863"
        }
      ],
      "codegenVersion": "0.0.1"
    },
    {
      "projectId": "caTPwKxj5ZrD9LQ7DMdK4Z",
      "version": "3.33.0",
      "dependencies": {},
      "lang": "ts",
      "fileLocks": [
        {
          "assetId": "caTPwKxj5ZrD9LQ7DMdK4Z",
          "type": "projectCss",
          "checksum": "e1ec850476829c38b0f9b6d4f7ac446a"
        }
      ],
      "codegenVersion": "0.0.1"
    }
  ],
  "cliVersion": "0.1.326"
}
